
Microsoft Visual Studio Solution File, Format Version 12.00
# Visual Studio Version 17
VisualStudioVersion = 17.0.31903.59
MinimumVisualStudioVersion = 10.0.40219.1
Project("{FAE04EC0-301F-11D3-BF4B-00C04F79EFBC}") = "Validus", "Validus\Validus.csproj", "{7C4084D9-4210-40AE-99D3-1CB9EB0438DF}"
EndProject
Project("{FAE04EC0-301F-11D3-BF4B-00C04F79EFBC}") = "Validus.Tests", "Validus.Tests\Validus.Tests.csproj", "{2E774BAB-9DCA-4F5D-88BC-5DD55ECBA84D}"
EndProject
Global
	GlobalSection(SolutionConfigurationPlatforms) = preSolution
		Debug|Any CPU = Debug|Any CPU
		Release|Any CPU = Release|Any CPU
	EndGlobalSection
	GlobalSection(SolutionProperties) = preSolution
		HideSolutionNode = FALSE
	EndGlobalSection
	GlobalSection(ProjectConfigurationPlatforms) = postSolution
		{7C4084D9-4210-40AE-99D3-1CB9EB0438DF}.Debug|Any CPU.ActiveCfg = Debug|Any CPU
		{7C4084D9-4210-40AE-99D3-1CB9EB0438DF}.Debug|Any CPU.Build.0 = Debug|Any CPU
		{7C4084D9-4210-40AE-99D3-1CB9EB0438DF}.Release|Any CPU.ActiveCfg = Release|Any CPU
		{7C4084D9-4210-40AE-99D3-1CB9EB0438DF}.Release|Any CPU.Build.0 = Release|Any CPU
		{2E774BAB-9DCA-4F5D-88BC-5DD55ECBA84D}.Debug|Any CPU.ActiveCfg = Debug|Any CPU
		{2E774BAB-9DCA-4F5D-88BC-5DD55ECBA84D}.Debug|Any CPU.Build.0 = Debug|Any CPU
		{2E774BAB-9DCA-4F5D-88BC-5DD55ECBA84D}.Release|Any CPU.ActiveCfg = Release|Any CPU
		{2E774BAB-9DCA-4F5D-88BC-5DD55ECBA84D}.Release|Any CPU.Build.0 = Release|Any CPU
	EndGlobalSection
EndGlobal
